
Microsoft Visual Studio Solution File, Format Version 12.00
# Visual Studio 15
VisualStudioVersion = 15.0.26730.12
MinimumVisualStudioVersion = 10.0.40219.1
Project("{FAE04EC0-301F-11D3-BF4B-00C04F79EFBC}") = "BBBCSIO", "BBBCSIO.csproj", "{C2E3FD44-8B43-4F80-A27F-4B4E8B159D88}"
EndProject
Global
	GlobalSection(SolutionConfigurationPlatforms) = preSolution
		Debug|Any CPU = Debug|Any CPU
		Debug|x86 = Debug|x86
		Release|Any CPU = Release|Any CPU
		Release|x86 = Release|x86
	EndGlobalSection
	GlobalSection(ProjectConfigurationPlatforms) = postSolution
		{C2E3FD44-8B43-4F80-A27F-4B4E8B159D88}.Debug|Any CPU.ActiveCfg = Debug|Any CPU
		{C2E3FD44-8B43-4F80-A27F-4B4E8B159D88}.Debug|Any CPU.Build.0 = Debug|Any CPU
		{C2E3FD44-8B43-4F80-A27F-4B4E8B159D88}.Debug|x86.ActiveCfg = Debug|x86
		{C2E3FD44-8B43-4F80-A27F-4B4E8B159D88}.Debug|x86.Build.0 = Debug|x86
		{C2E3FD44-8B43-4F80-A27F-4B4E8B159D88}.Release|Any CPU.ActiveCfg = Release|Any CPU
		{C2E3FD44-8B43-4F80-A27F-4B4E8B159D88}.Release|Any CPU.Build.0 = Release|Any CPU
		{C2E3FD44-8B43-4F80-A27F-4B4E8B159D88}.Release|x86.ActiveCfg = Release|x86
		{C2E3FD44-8B43-4F80-A27F-4B4E8B159D88}.Release|x86.Build.0 = Release|x86
	EndGlobalSection
	GlobalSection(SolutionProperties) = preSolution
		HideSolutionNode = FALSE
	EndGlobalSection
	GlobalSection(ExtensibilityGlobals) = postSolution
		SolutionGuid = {94D80779-CDF9-461A-B598-AC22531E9CCC}
	EndGlobalSection
EndGlobal
